version: v2
locks:
  f/betterhome/disable_access_to_youtube: 975e79d7e05a475543a3e0a71695382fec77fc6a5dd73cf3668be8e931cd827e
  f/betterhome/disable_youtube_access__flow+__flow_hash: 44136fa355b3678a1146ad16f7e8649e94fb4fc21fe77e8310c060f61caaff8a
  f/betterhome/enable_access_to_youtube: 32f3994f225b649280d2835ceae85ac54c1476a77fb7963b346ca11db472269a
  f/betterhome/enable_youtube_access__flow+__flow_hash: 44136fa355b3678a1146ad16f7e8649e94fb4fc21fe77e8310c060f61caaff8a
  f/betterhome/jolly_script: 0353ae765972cce54a68b4d8e45056341861f00ddd459c961a1895a8eb5863ff
  f/betterhome/safe_script: 77c30ebac83ae0acbd78f8f13c946d51a7521762c61152371a3f63f89b0779e4
  f/betterhome/send_enable_access_email_to_parents: e6799ce0a95ffc11e8fe6692895ef318f354f8cf69f49ca9e720974deb3cd0c6
  f/betterhome/well_rounded_app__raw_app+__app_hash: 03125fab7806c049e6426bc7983c4721ac6a637c260779af6649c9397749329c
  f/betterhome/well_rounded_app__raw_app+a.ts: f839daa712f42e68e477afe873967e157417a60409fef38eb5ba3236d6196c3a
  f/betterhome/well_rounded_app__raw_app+getTasks.ts: a96919b60aa3b33565687b6273f2ead79c8dedc1b0e6f0ff064f5d861d6bb24e
